{
  "name": "theshow",
  "version": "1.0.0",
  "lockfileVersion": 1,
  "requires": true,
  "dependencies": {
    "selenium-server-standalone-jar": {
      "version": "3.141.59",
      "resolved": "https://registry.npmjs.org/selenium-server-standalone-jar/-/selenium-server-standalone-jar-3.141.59.tgz",
      "integrity": "sha512-gh7LagmKMkthQZo0q9qrDSWy+ISYnCUhOUW6IyRQIMGdg8Os/uMfChTDO17DYzxKmNIDx/h6+yfBj34QYALycw==",
      "dev": true
    }
  }
}
